{
    "_meta": {
        "hash": {
            "sha256": "7cd892c0a80424d572c6bcbe3d567084732e8bce1e38a8d44932a1a46b0f358a"
        },
        "pipfile-spec": 6,
        "requires": {
            "python_version": "3.7"
        },
        "sources": [
            {
                "name": "pypi",
                "url": "https://pypi.org/simple",
                "verify_ssl": true
            }
        ]
    },
    "default": {
        "beautifulsoup4": {
            "hashes": [
                "sha256:05fd825eb01c290877657a56df4c6e4c311b3965bda790c613a3d6fb01a5462a",
                "sha256:9fbb4d6e48ecd30bcacc5b63b94088192dcda178513b2ae3c394229f8911b887",
                "sha256:e1505eeed31b0f4ce2dbb3bc8eb256c04cc2b3b72af7d551a4ab6efd5cbe5dae"
            ],
            "index": "pypi",
            "version": "==4.8.2"
        },
        "certifi": {
            "hashes": [
                "sha256:35824b4c3a97115964b408844d64aa14db1cc518f6562e8d7261699d1350a9e3",
                "sha256:4ad3232f5e926d6718ec31cfc1fcadfde020920e278684144551c91769c7bc18"
            ],
            "index": "pypi",
            "version": "==2022.12.7"
        },
        "chardet": {
            "hashes": [
                "sha256:84ab92ed1c4d4f16916e05906b6b75a6c0fb5db821cc65e70cbd64a3e2a5eaae",
                "sha256:fc323ffcaeaed0e0a02bf4d117757b98aed530d9ed4531e3e15460124c106691"
            ],
            "version": "==3.0.4"
        },
        "idna": {
            "hashes": [
                "sha256:c357b3f628cf53ae2c4c05627ecc484553142ca23264e593d327bcde5e9c3407",
                "sha256:ea8b7f6188e6fa117537c3df7da9fc686d485087abf6ac197f9c46432f7e4a3c"
            ],
            "version": "==2.8"
        },
        "lxml": {
            "hashes": [
                "sha256:079f3ae844f38982d156efce585bc540c16a926d4436712cf4baee0cce487a3d",
                "sha256:0fbcf5565ac01dff87cbfc0ff323515c823081c5777a9fc7703ff58388c258c3",
                "sha256:122fba10466c7bd4178b07dba427aa516286b846b2cbd6f6169141917283aae2",
                "sha256:1b38116b6e628118dea5b2186ee6820ab138dbb1e24a13e478490c7db2f326ae",
                "sha256:1b7584d421d254ab86d4f0b13ec662a9014397678a7c4265a02a6d7c2b18a75f",
                "sha256:26e761ab5b07adf5f555ee82fb4bfc35bf93750499c6c7614bd64d12aaa67927",
                "sha256:289e9ca1a9287f08daaf796d96e06cb2bc2958891d7911ac7cae1c5f9e1e0ee3",
                "sha256:2a9d50e69aac3ebee695424f7dbd7b8c6d6eb7de2a2eb6b0f6c7db6aa41e02b7",
                "sha256:3082c518be8e97324390614dacd041bb1358c882d77108ca1957ba47738d9d59",
                "sha256:33bb934a044cf32157c12bfcfbb6649807da20aa92c062ef51903415c704704f",
                "sha256:3439c71103ef0e904ea0a1901611863e51f50b5cd5e8654a151740fde5e1cade",
                "sha256:36108c73739985979bf302006527cf8a20515ce444ba916281d1c43938b8bb96",
                "sha256:39b78571b3b30645ac77b95f7c69d1bffc4cf8c3b157c435a34da72e78c82468",
                "sha256:4289728b5e2000a4ad4ab8da6e1db2e093c63c08bdc0414799ee776a3f78da4b",
                "sha256:4bff24dfeea62f2e56f5bab929b4428ae6caba2d1eea0c2d6eb618e30a71e6d4",
                "sha256:4c61b3a0db43a1607d6264166b230438f85bfed02e8cff20c22e564d0faff354",
                "sha256:542d454665a3e277f76954418124d67516c5f88e51a900365ed54a9806122b83",
                "sha256:5a0a14e264069c03e46f926be0d8919f4105c1623d620e7ec0e612a2e9bf1c04",
                "sha256:5c8c163396cc0df3fd151b927e74f6e4acd67160d6c33304e805b84293351d16",
                "sha256:64812391546a18896adaa86c77c59a4998f33c24788cadc35789e55b727a37f4",
                "sha256:66e575c62792c3f9ca47cb8b6fab9e35bab91360c783d1606f758761810c9791",
                "sha256:6f12e1427285008fd32a6025e38e977d44d6382cf28e7201ed10d6c1698d2a9a",
                "sha256:74f7d8d439b18fa4c385f3f5dfd11144bb87c1da034a466c5b5577d23a1d9b51",
                "sha256:7610b8c31688f0b1be0ef882889817939490a36d0ee880ea562a4e1399c447a1",
                "sha256:76fa7b1362d19f8fbd3e75fe2fb7c79359b0af8747e6f7141c338f0bee2f871a",
                "sha256:7728e05c35412ba36d3e9795ae8995e3c86958179c9770e65558ec3fdfd3724f",
                "sha256:8157dadbb09a34a6bd95a50690595e1fa0af1a99445e2744110e3dca7831c4ee",
                "sha256:820628b7b3135403540202e60551e741f9b6d3304371712521be939470b454ec",
                "sha256:884ab9b29feaca361f7f88d811b1eea9bfca36cf3da27768d28ad45c3ee6f969",
                "sha256:89b8b22a5ff72d89d48d0e62abb14340d9e99fd637d046c27b8b257a01ffbe28",
                "sha256:92e821e43ad382332eade6812e298dc9701c75fe289f2a2d39c7960b43d1e92a",
                "sha256:b007cbb845b28db4fb8b6a5cdcbf65bacb16a8bd328b53cbc0698688a68e1caa",
                "sha256:bc4313cbeb0e7a416a488d72f9680fffffc645f8a838bd2193809881c67dd106",
                "sha256:bccbfc27563652de7dc9bdc595cb25e90b59c5f8e23e806ed0fd623755b6565d",
                "sha256:c1a40c06fd5ba37ad39caa0b3144eb3772e813b5fb5b084198a985431c2f1e8d",
                "sha256:c47ff7e0a36d4efac9fd692cfa33fbd0636674c102e9e8d9b26e1b93a94e7617",
                "sha256:c4f05c5a7c49d2fb70223d0d5bcfbe474cf928310ac9fa6a7c6dddc831d0b1d4",
                "sha256:cdaf11d2bd275bf391b5308f86731e5194a21af45fbaaaf1d9e8147b9160ea92",
                "sha256:ce256aaa50f6cc9a649c51be3cd4ff142d67295bfc4f490c9134d0f9f6d58ef0",
                "sha256:d2e35d7bf1c1ac8c538f88d26b396e73dd81440d59c1ef8522e1ea77b345ede4",
                "sha256:d916d31fd85b2f78c76400d625076d9124de3e4bda8b016d25a050cc7d603f24",
                "sha256:df7c53783a46febb0e70f6b05df2ba104610f2fb0d27023409734a3ecbb78fb2",
                "sha256:e1cbd3f19a61e27e011e02f9600837b921ac661f0c40560eefb366e4e4fb275e",
                "sha256:efac139c3f0bf4f0939f9375af4b02c5ad83a622de52d6dfa8e438e8e01d0eb0",
                "sha256:efd7a09678fd8b53117f6bae4fa3825e0a22b03ef0a932e070c0bdbb3a35e654",
                "sha256:f2380a6376dfa090227b663f9678150ef27543483055cc327555fb592c5967e2",
                "sha256:f8380c03e45cf09f8557bdaa41e1fa7c81f3ae22828e1db470ab2a6c96d8bc23",
                "sha256:f90ba11136bfdd25cae3951af8da2e95121c9b9b93727b1b896e3fa105b2f586"
            ],
            "index": "pypi",
            "version": "==4.6.3"
        },
        "numpy": {
            "hashes": [
                "sha256:1dbe1c91269f880e364526649a52eff93ac30035507ae980d2fed33aaee633ac",
                "sha256:357768c2e4451ac241465157a3e929b265dfac85d9214074985b1786244f2ef3",
                "sha256:3820724272f9913b597ccd13a467cc492a0da6b05df26ea09e78b171a0bb9da6",
                "sha256:4391bd07606be175aafd267ef9bea87cf1b8210c787666ce82073b05f202add1",
                "sha256:4aa48afdce4660b0076a00d80afa54e8a97cd49f457d68a4342d188a09451c1a",
                "sha256:58459d3bad03343ac4b1b42ed14d571b8743dc80ccbf27444f266729df1d6f5b",
                "sha256:5c3c8def4230e1b959671eb959083661b4a0d2e9af93ee339c7dada6759a9470",
                "sha256:5f30427731561ce75d7048ac254dbe47a2ba576229250fb60f0fb74db96501a1",
                "sha256:643843bcc1c50526b3a71cd2ee561cf0d8773f062c8cbaf9ffac9fdf573f83ab",
                "sha256:67c261d6c0a9981820c3a149d255a76918278a6b03b6a036800359aba1256d46",
                "sha256:67f21981ba2f9d7ba9ade60c9e8cbaa8cf8e9ae51673934480e45cf55e953673",
                "sha256:6aaf96c7f8cebc220cdfc03f1d5a31952f027dda050e5a703a0d1c396075e3e7",
                "sha256:7c4068a8c44014b2d55f3c3f574c376b2494ca9cc73d2f1bd692382b6dffe3db",
                "sha256:7c7e5fa88d9ff656e067876e4736379cc962d185d5cd808014a8a928d529ef4e",
                "sha256:7f5ae4f304257569ef3b948810816bc87c9146e8c446053539947eedeaa32786",
                "sha256:82691fda7c3f77c90e62da69ae60b5ac08e87e775b09813559f8901a88266552",
                "sha256:8737609c3bbdd48e380d463134a35ffad3b22dc56295eff6f79fd85bd0eeeb25",
                "sha256:9f411b2c3f3d76bba0865b35a425157c5dcf54937f82bbeb3d3c180789dd66a6",
                "sha256:a6be4cb0ef3b8c9250c19cc122267263093eee7edd4e3fa75395dfda8c17a8e2",
                "sha256:bcb238c9c96c00d3085b264e5c1a1207672577b93fa666c3b14a45240b14123a",
                "sha256:bf2ec4b75d0e9356edea834d1de42b31fe11f726a81dfb2c2112bc1eaa508fcf",
                "sha256:d136337ae3cc69aa5e447e78d8e1514be8c3ec9b54264e680cf0b4bd9011574f",
                "sha256:d4bf4d43077db55589ffc9009c0ba0a94fa4908b9586d6ccce2e0b164c86303c",
                "sha256:d6a96eef20f639e6a97d23e57dd0c1b1069a7b4fd7027482a4c5c451cd7732f4",
                "sha256:d9caa9d5e682102453d96a0ee10c7241b72859b01a941a397fd965f23b3e016b",
                "sha256:dd1c8f6bd65d07d3810b90d02eba7997e32abbdf1277a481d698969e921a3be0",
                "sha256:e31f0bb5928b793169b87e3d1e070f2342b22d5245c755e2b81caa29756246c3",
                "sha256:ecb55251139706669fdec2ff073c98ef8e9a84473e51e716211b41aa0f18e656",
                "sha256:ee5ec40fdd06d62fe5d4084bef4fd50fd4bb6bfd2bf519365f569dc470163ab0",
                "sha256:f17e562de9edf691a42ddb1eb4a5541c20dd3f9e65b09ded2beb0799c0cf29bb",
                "sha256:fdffbfb6832cd0b300995a2b08b8f6fa9f6e856d562800fea9182316d99c4e8e"
            ],
            "markers": "python_version < '3.11' and python_version >= '3.7'",
            "version": "==1.21.6"
        },
        "pandas": {
            "hashes": [
                "sha256:00dff3a8e337f5ed7ad295d98a31821d3d0fe7792da82d78d7fd79b89c03ea9d",
                "sha256:22361b1597c8c2ffd697aa9bf85423afa9e1fcfa6b1ea821054a244d5f24d75e",
                "sha256:255920e63850dc512ce356233081098554d641ba99c3767dde9e9f35630f994b",
                "sha256:26382aab9c119735908d94d2c5c08020a4a0a82969b7e5eefb92f902b3b30ad7",
                "sha256:33970f4cacdd9a0ddb8f21e151bfb9f178afb7c36eb7c25b9094c02876f385c2",
                "sha256:4545467a637e0e1393f7d05d61dace89689ad6d6f66f267f86fff737b702cce9",
                "sha256:52da74df8a9c9a103af0a72c9d5fdc8e0183a90884278db7f386b5692a2220a4",
                "sha256:61741f5aeb252f39c3031d11405305b6d10ce663c53bc3112705d7ad66c013d0",
                "sha256:6a3ac2c87e4e32a969921d1428525f09462770c349147aa8e9ab95f88c71ec71",
                "sha256:7458c48e3d15b8aaa7d575be60e1e4dd70348efcd9376656b72fecd55c59a4c3",
                "sha256:78bf638993219311377ce9836b3dc05f627a666d0dbc8cec37c0ff3c9ada673b",
                "sha256:8153705d6545fd9eb6dd2bc79301bff08825d2e2f716d5dced48daafc2d0b81f",
                "sha256:975c461accd14e89d71772e89108a050fa824c0b87a67d34cedf245f6681fc17",
                "sha256:9962957a27bfb70ab64103d0a7b42fa59c642fb4ed4cb75d0227b7bb9228535d",
                "sha256:adc3d3a3f9e59a38d923e90e20c4922fc62d1e5a03d083440468c6d8f3f1ae0a",
                "sha256:bbe3eb765a0b1e578833d243e2814b60c825b7fdbf4cdfe8e8aae8a08ed56ecf",
                "sha256:df8864824b1fe488cf778c3650ee59c3a0d8f42e53707de167ba6b4f7d35f133",
                "sha256:e45055c30a608076e31a9fcd780a956ed3b1fa20db61561b8d88b79259f526f7",
                "sha256:ee50c2142cdcf41995655d499a157d0a812fce55c97d9aad13bc1eef837ed36c"
            ],
            "index": "pypi",
            "version": "==0.25.3"
        },
        "prompt-toolkit": {
            "hashes": [
                "sha256:7281b5199235adaef6980942840c43753e4ab20dfe41338da634fb41c194f9d8",
                "sha256:82c7f8e07d7a0411ff5367a5a8ff520f0112b9179f3e599ee8ad2ad9b943d911",
                "sha256:cc66413b1b4b17021675d9f2d15d57e640b06ddfd99bb724c73484126d22622f"
            ],
            "version": "==1.0.14"
        },
        "pygments": {
            "hashes": [
                "sha256:56a8508ae95f98e2b9bdf93a6be5ae3f7d8af858b43e02c5a2ff083726be40c1",
                "sha256:f643f331ab57ba3c9d89212ee4a2dabc6e94f117cf4eefde99a0574720d14c42"
            ],
            "markers": "python_version >= '3.6'",
            "version": "==2.13.0"
        },
        "pyinquirer": {
            "hashes": [
                "sha256:c9a92d68d7727fbd886a7908c08fd9e9773e5dc211bf5cbf836ba90d366dee51"
            ],
            "index": "pypi",
            "version": "==1.0.3"
        },
        "python-dateutil": {
            "hashes": [
                "sha256:0123cacc1627ae19ddf3c27a5de5bd67ee4586fbdd6440d9748f8abb483d3e86",
                "sha256:961d03dc3453ebbc59dbdea9e4e11c5651520a876d0f4db161e8674aae935da9"
            ],
            "markers": "python_version >= '2.7' and python_version not in '3.0, 3.1, 3.2, 3.3'",
            "version": "==2.8.2"
        },
        "pytz": {
            "hashes": [
                "sha256:222439474e9c98fced559f1709d89e6c9cbf8d79c794ff3eb9f8800064291427",
                "sha256:e89512406b793ca39f5971bc999cc538ce125c0e51c27941bef4568b460095e2"
            ],
            "version": "==2022.6"
        },
        "redis": {
            "hashes": [
                "sha256:3613daad9ce5951e426f460deddd5caf469e08a3af633e9578fc77d362becf62",
                "sha256:8d0fc278d3f5e1249967cba2eb4a5632d19e45ce5c09442b8422d15ee2c22cc2"
            ],
            "index": "pypi",
            "version": "==3.3.11"
        },
        "regex": {
            "hashes": [
                "sha256:032fdcc03406e1a6485ec09b826eac78732943840c4b29e503b789716f051d8d",
                "sha256:0e6cf1e747f383f52a0964452658c04300a9a01e8a89c55ea22813931b580aa8",
                "sha256:106e25a841921d8259dcef2a42786caae35bc750fb996f830065b3dfaa67b77e",
                "sha256:1768cf42a78a11dae63152685e7a1d90af7a8d71d2d4f6d2387edea53a9e0588",
                "sha256:27d1bd20d334f50b7ef078eba0f0756a640fd25f5f1708d3b5bed18a5d6bced9",
                "sha256:29b20f66f2e044aafba86ecf10a84e611b4667643c42baa004247f5dfef4f90b",
                "sha256:4850c78b53acf664a6578bba0e9ebeaf2807bb476c14ec7e0f936f2015133cae",
                "sha256:57eacd38a5ec40ed7b19a968a9d01c0d977bda55664210be713e750dd7b33540",
                "sha256:724eb24b92fc5fdc1501a1b4df44a68b9c1dda171c8ef8736799e903fb100f63",
                "sha256:77ae8d926f38700432807ba293d768ba9e7652df0cbe76df2843b12f80f68885",
                "sha256:78b3712ec529b2a71731fbb10b907b54d9c53a17ca589b42a578bc1e9a2c82ea",
                "sha256:7bbbdbada3078dc360d4692a9b28479f569db7fc7f304b668787afc9feb38ec8",
                "sha256:8d9ef7f6c403e35e73b7fc3cde9f6decdc43b1cb2ff8d058c53b9084bfcb553e",
                "sha256:a83049eb717ae828ced9cf607845929efcb086a001fc8af93ff15c50012a5716",
                "sha256:adc35d38952e688535980ae2109cad3a109520033642e759f987cf47fe278aa1",
                "sha256:c29a77ad4463f71a506515d9ec3a899ed026b4b015bf43245c919ff36275444b",
                "sha256:cfd31b3300fefa5eecb2fe596c6dee1b91b3a05ece9d5cfd2631afebf6c6fadd",
                "sha256:d3ee0b035816e0520fac928de31b6572106f0d75597f6fa3206969a02baba06f",
                "sha256:d508875793efdf6bab3d47850df8f40d4040ae9928d9d80864c1768d6aeaf8e3",
                "sha256:ef0b828a7e22e58e06a1cceddba7b4665c6af8afeb22a0d8083001330572c147",
                "sha256:faad39fdbe2c2ccda9846cd21581063086330efafa47d87afea4073a08128656"
            ],
            "index": "pypi",
            "version": "==2019.12.20"
        },
        "requests": {
            "hashes": [
                "sha256:11e007a8a2aa0323f5a921e9e6a2d7e4e67d9877e85773fba9ba6419025cbeb4",
                "sha256:9cf5292fcd0f598c671cfc1e0d7d1a7f13bb8085e9a590f48c010551dc6c4b31"
            ],
            "index": "pypi",
            "version": "==2.22.0"
        },
        "six": {
            "hashes": [
                "sha256:1e61c37477a1626458e36f7b1d82aa5c9b094fa4802892072e49de9c60c4c926",
                "sha256:8abb2f1d86890a2dfb989f9a77cfcfd3e47c2a354b01111771326f8aa26e0254"
            ],
            "markers": "python_version >= '2.7' and python_version not in '3.0, 3.1, 3.2, 3.3'",
            "version": "==1.16.0"
        },
        "soupsieve": {
            "hashes": [
                "sha256:3b2503d3c7084a42b1ebd08116e5f81aadfaea95863628c80a3b774a11b7c759",
                "sha256:fc53893b3da2c33de295667a0e19f078c14bf86544af307354de5fcf12a3f30d"
            ],
            "markers": "python_version >= '3.6'",
            "version": "==2.3.2.post1"
        },
        "urllib3": {
            "hashes": [
                "sha256:8d7eaa5a82a1cac232164990f04874c594c9453ec55eef02eab885aa02fc17a2",
                "sha256:f5321fbe4bf3fefa0efd0bfe7fb14e90909eb62a48ccda331726b4319897dd5e"
            ],
            "markers": "python_version >= '2.7' and python_version not in '3.0, 3.1, 3.2, 3.3, 3.4' and python_version < '4'",
            "version": "==1.25.11"
        },
        "wcwidth": {
            "hashes": [
                "sha256:beb4802a9cebb9144e99086eff703a642a13d6a0052920003a230f3294bbe784",
                "sha256:c4d647b99872929fdb7bdcaa4fbe7f01413ed3d98077df798530e5b04f116c83"
            ],
            "version": "==0.2.5"
        }
    },
    "develop": {}
}
